
Microsoft Visual Studio Solution File, Format Version 12.00
# Visual Studio Version 17
VisualStudioVersion = 17.8.34330.188
MinimumVisualStudioVersion = 10.0.40219.1
Project("{FAE04EC0-301F-11D3-BF4B-00C04F79EFBC}") = "backend", "backend\backend.csproj", "{2DD908C8-70F9-46EA-9B3F-B4AA0886E478}"
EndProject
Global
	GlobalSection(SolutionConfigurationPlatforms) = preSolution
		Debug|Any CPU = Debug|Any CPU
		Release|Any CPU = Release|Any CPU
	EndGlobalSection
	GlobalSection(ProjectConfigurationPlatforms) = postSolution
		{2DD908C8-70F9-46EA-9B3F-B4AA0886E478}.Debug|Any CPU.ActiveCfg = Debug|Any CPU
		{2DD908C8-70F9-46EA-9B3F-B4AA0886E478}.Debug|Any CPU.Build.0 = Debug|Any CPU
		{2DD908C8-70F9-46EA-9B3F-B4AA0886E478}.Release|Any CPU.ActiveCfg = Release|Any CPU
		{2DD908C8-70F9-46EA-9B3F-B4AA0886E478}.Release|Any CPU.Build.0 = Release|Any CPU
	EndGlobalSection
	GlobalSection(SolutionProperties) = preSolution
		HideSolutionNode = FALSE
	EndGlobalSection
	GlobalSection(ExtensibilityGlobals) = postSolution
		SolutionGuid = {3F4FFFB9-B579-4628-B220-39578F923218}
	EndGlobalSection
EndGlobal
